<?xml version="1.0" encoding="utf-8"?>
<Project ToolsVersion="4.0" xmlns="http://schemas.microsoft.com/developer/msbuild/2003">
  <ItemGroup>
    <Filter Include="ソース ファイル">
      <UniqueIdentifier>{4FC737F1-C7A5-4376-A066-2A32D752A2FF}</UniqueIdentifier>
      <Extensions>cpp;c;cc;cxx;c++;def;odl;idl;hpj;bat;asm;asmx</Extensions>
    </Filter>
    <Filter Include="ヘッダー ファイル">
      <UniqueIdentifier>{93995380-89BD-4b04-88EB-625FBE52EBFB}</UniqueIdentifier>
      <Extensions>h;hh;hpp;hxx;h++;hm;inl;inc;ipp;xsd</Extensions>
    </Filter>
    <Filter Include="リソース ファイル">
      <UniqueIdentifier>{67DA6AB6-F800-4c08-8B7A-83BB121AAD01}</UniqueIdentifier>
      <Extensions>rc;ico;cur;bmp;dlg;rc2;rct;bin;rgs;gif;jpg;jpeg;jpe;resx;tiff;tif;png;wav;mfcribbon-ms</Extensions>
    </Filter>
    <Filter Include="GameLib">
      <UniqueIdentifier>{adf837b3-ed84-4407-ba54-9c1283d7159c}</UniqueIdentifier>
    </Filter>
    <Filter Include="GameLib\ヘッダー ファイル">
      <UniqueIdentifier>{40284276-03cb-4b60-abc5-2dbbbe423ac0}</UniqueIdentifier>
    </Filter>
    <Filter Include="GameLib\ソース ファイル">
      <UniqueIdentifier>{2b3b33ef-65b8-40b0-8bf8-daa091790458}</UniqueIdentifier>
    </Filter>
    <Filter Include="ソース ファイル\Scenes">
      <UniqueIdentifier>{0c53dc19-464a-4b65-a70f-cb9a6467e974}</UniqueIdentifier>
    </Filter>
    <Filter Include="ソース ファイル\Scenes\scene">
      <UniqueIdentifier>{02a4f117-c964-4472-8e43-f2aae40f364e}</UniqueIdentifier>
    </Filter>
    <Filter Include="ソース ファイル\systems">
      <UniqueIdentifier>{c2e0ac0a-8022-4294-b008-ea793dc98f7e}</UniqueIdentifier>
    </Filter>
    <Filter Include="ソース ファイル\Entities">
      <UniqueIdentifier>{92d42a6d-361f-4349-89c5-edb735bcb80f}</UniqueIdentifier>
    </Filter>
    <Filter Include="ソース ファイル\Entities\items">
      <UniqueIdentifier>{15cb211e-9d4c-4e8f-875c-5d809346b668}</UniqueIdentifier>
    </Filter>
    <Filter Include="ヘッダー ファイル\Systems">
      <UniqueIdentifier>{93fc239c-0bea-4e32-b48d-87059ef59d79}</UniqueIdentifier>
    </Filter>
    <Filter Include="ヘッダー ファイル\Entities">
      <UniqueIdentifier>{5d2db46d-4d72-41ff-accd-6c47164742fd}</UniqueIdentifier>
    </Filter>
    <Filter Include="ヘッダー ファイル\Scenes">
      <UniqueIdentifier>{dd195a69-41c5-4e29-8388-6bb0223a2fd6}</UniqueIdentifier>
    </Filter>
    <Filter Include="ヘッダー ファイル\Entities\Items">
      <UniqueIdentifier>{e90ca224-57d0-4c61-9d34-70d5fc017801}</UniqueIdentifier>
    </Filter>
    <Filter Include="ヘッダー ファイル\Scenes\Scene">
      <UniqueIdentifier>{1abcffe4-b91f-4c22-802d-7e5697803371}</UniqueIdentifier>
    </Filter>
  </ItemGroup>
  <ItemGroup>
    <ClInclude Include="GameLib\blender.h">
      <Filter>GameLib\ヘッダー ファイル</Filter>
    </ClInclude>
    <ClInclude Include="GameLib\debug.h">
      <Filter>GameLib\ヘッダー ファイル</Filter>
    </ClInclude>
    <ClInclude Include="GameLib\dxtk_audio.h">
      <Filter>GameLib\ヘッダー ファイル</Filter>
    </ClInclude>
    <ClInclude Include="GameLib\font.h">
      <Filter>GameLib\ヘッダー ファイル</Filter>
    </ClInclude>
    <ClInclude Include="GameLib\frame_rate.h">
      <Filter>GameLib\ヘッダー ファイル</Filter>
    </ClInclude>
    <ClInclude Include="GameLib\game_lib.h">
      <Filter>GameLib\ヘッダー ファイル</Filter>
    </ClInclude>
    <ClInclude Include="GameLib\high_resolution_timer.h">
      <Filter>GameLib\ヘッダー ファイル</Filter>
    </ClInclude>
    <ClInclude Include="GameLib\input_manager.h">
      <Filter>GameLib\ヘッダー ファイル</Filter>
    </ClInclude>
    <ClInclude Include="GameLib\misc.h">
      <Filter>GameLib\ヘッダー ファイル</Filter>
    </ClInclude>
    <ClInclude Include="GameLib\obj2d_data.h">
      <Filter>GameLib\ヘッダー ファイル</Filter>
    </ClInclude>
    <ClInclude Include="GameLib\primitive.h">
      <Filter>GameLib\ヘッダー ファイル</Filter>
    </ClInclude>
    <ClInclude Include="GameLib\resource_manager.h">
      <Filter>GameLib\ヘッダー ファイル</Filter>
    </ClInclude>
    <ClInclude Include="GameLib\sprite.h">
      <Filter>GameLib\ヘッダー ファイル</Filter>
    </ClInclude>
    <ClInclude Include="GameLib\texture.h">
      <Filter>GameLib\ヘッダー ファイル</Filter>
    </ClInclude>
    <ClInclude Include="GameLib\util.h">
      <Filter>GameLib\ヘッダー ファイル</Filter>
    </ClInclude>
    <ClInclude Include="GameLib\vector.h">
      <Filter>GameLib\ヘッダー ファイル</Filter>
    </ClInclude>
    <ClInclude Include="GameLib\view_settings.h">
      <Filter>GameLib\ヘッダー ファイル</Filter>
    </ClInclude>
    <ClInclude Include="GameLib\depth_stencil.h">
      <Filter>GameLib\ヘッダー ファイル</Filter>
    </ClInclude>
    <ClInclude Include="SourceCode\audio.h">
      <Filter>ヘッダー ファイル\Systems</Filter>
    </ClInclude>
    <ClInclude Include="..\..\..\..\Desktop\School\ゲームプログラミングⅢ\ゲームプログラミングⅢ(学生配布)\ゲームプログラミングⅢ(学生配布)\Source\bomb.h">
      <Filter>ヘッダー ファイル\Entities\Items</Filter>
    </ClInclude>
    <ClInclude Include="SourceCode\common.h">
      <Filter>ヘッダー ファイル\Systems</Filter>
    </ClInclude>
    <ClInclude Include="SourceCode\enemy.h">
      <Filter>ヘッダー ファイル\Entities</Filter>
    </ClInclude>
    <ClInclude Include="SourceCode\m_scene.h">
      <Filter>ヘッダー ファイル\Scenes</Filter>
    </ClInclude>
    <ClInclude Include="SourceCode\player.h">
      <Filter>ヘッダー ファイル\Entities</Filter>
    </ClInclude>
    <ClInclude Include="SourceCode\scene_title.h">
      <Filter>ヘッダー ファイル\Scenes\Scene</Filter>
    </ClInclude>
    <ClInclude Include="SourceCode\scene_game.h">
      <Filter>ヘッダー ファイル\Scenes\Scene</Filter>
    </ClInclude>
    <ClInclude Include="SourceCode\scene_start.h">
      <Filter>ヘッダー ファイル\Scenes\Scene</Filter>
    </ClInclude>
    <ClInclude Include="SourceCode\system.h">
      <Filter>ヘッダー ファイル\Systems</Filter>
    </ClInclude>
  </ItemGroup>
  <ItemGroup>
    <ClCompile Include="GameLib\debug.cpp">
      <Filter>GameLib\ソース ファイル</Filter>
    </ClCompile>
    <ClCompile Include="GameLib\dxtk_audio.cpp">
      <Filter>GameLib\ソース ファイル</Filter>
    </ClCompile>
    <ClCompile Include="GameLib\font.cpp">
      <Filter>GameLib\ソース ファイル</Filter>
    </ClCompile>
    <ClCompile Include="GameLib\frame_rate.cpp">
      <Filter>GameLib\ソース ファイル</Filter>
    </ClCompile>
    <ClCompile Include="GameLib\game_lib.cpp">
      <Filter>GameLib\ソース ファイル</Filter>
    </ClCompile>
    <ClCompile Include="GameLib\input_manager.cpp">
      <Filter>GameLib\ソース ファイル</Filter>
    </ClCompile>
    <ClCompile Include="GameLib\obj2d_data.cpp">
      <Filter>GameLib\ソース ファイル</Filter>
    </ClCompile>
    <ClCompile Include="GameLib\primitive.cpp">
      <Filter>GameLib\ソース ファイル</Filter>
    </ClCompile>
    <ClCompile Include="GameLib\resource_manager.cpp">
      <Filter>GameLib\ソース ファイル</Filter>
    </ClCompile>
    <ClCompile Include="GameLib\sprite.cpp">
      <Filter>GameLib\ソース ファイル</Filter>
    </ClCompile>
    <ClCompile Include="GameLib\texture.cpp">
      <Filter>GameLib\ソース ファイル</Filter>
    </ClCompile>
    <ClCompile Include="GameLib\vector.cpp">
      <Filter>GameLib\ソース ファイル</Filter>
    </ClCompile>
    <ClCompile Include="GameLib\view_settings.cpp">
      <Filter>GameLib\ソース ファイル</Filter>
    </ClCompile>
    <ClCompile Include="SourceCode\main.cpp">
      <Filter>ソース ファイル</Filter>
    </ClCompile>
    <ClCompile Include="GameLib\depth_stencil.cpp">
      <Filter>GameLib\ソース ファイル</Filter>
    </ClCompile>
    <ClCompile Include="GameLib\wnd_proc.cpp">
      <Filter>GameLib\ソース ファイル</Filter>
    </ClCompile>
    <ClCompile Include="SourceCode\m_scene.cpp">
      <Filter>ソース ファイル\Scenes</Filter>
    </ClCompile>
    <ClCompile Include="SourceCode\scene_title.cpp">
      <Filter>ソース ファイル\Scenes\scene</Filter>
    </ClCompile>
    <ClCompile Include="SourceCode\scene_game.cpp">
      <Filter>ソース ファイル\Scenes\scene</Filter>
    </ClCompile>
    <ClCompile Include="SourceCode\scene_start.cpp">
      <Filter>ソース ファイル\Scenes\scene</Filter>
    </ClCompile>
    <ClCompile Include="SourceCode\system.cpp">
      <Filter>ソース ファイル\systems</Filter>
    </ClCompile>
    <ClCompile Include="SourceCode\common.cpp">
      <Filter>ソース ファイル\systems</Filter>
    </ClCompile>
    <ClCompile Include="SourceCode\audio.cpp">
      <Filter>ソース ファイル\systems</Filter>
    </ClCompile>
    <ClCompile Include="SourceCode\player.cpp">
      <Filter>ソース ファイル\Entities</Filter>
    </ClCompile>
    <ClCompile Include="SourceCode\enemy.cpp">
      <Filter>ソース ファイル\Entities</Filter>
    </ClCompile>
    <ClCompile Include="SourceCode\bomb.cpp">
      <Filter>ソース ファイル\Entities\items</Filter>
    </ClCompile>
  </ItemGroup>
</Project>